
Microsoft Visual Studio Solution File, Format Version 12.00
# Visual Studio 15
VisualStudioVersion = 15.0.27703.2026
MinimumVisualStudioVersion = 10.0.40219.1
Project("{FAE04EC0-301F-11D3-BF4B-00C04F79EFBC}") = "DemirbasOtomasyon", "DemirbasOtomasyon\DemirbasOtomasyon.csproj", "{A1DD47DA-A0A7-4977-A112-DB0D67588E07}"
EndProject
Project("{FAE04EC0-301F-11D3-BF4B-00C04F79EFBC}") = "UnitTestStokTakip", "UnitTestStokTakip\UnitTestStokTakip.csproj", "{3A50C255-D1C5-4FC7-A958-1840FA6988E6}"
EndProject
Global
	GlobalSection(SolutionConfigurationPlatforms) = preSolution
		Debug|Any CPU = Debug|Any CPU
		Release|Any CPU = Release|Any CPU
	EndGlobalSection
	GlobalSection(ProjectConfigurationPlatforms) = postSolution
		{A1DD47DA-A0A7-4977-A112-DB0D67588E07}.Debug|Any CPU.ActiveCfg = Debug|Any CPU
		{A1DD47DA-A0A7-4977-A112-DB0D67588E07}.Debug|Any CPU.Build.0 = Debug|Any CPU
		{A1DD47DA-A0A7-4977-A112-DB0D67588E07}.Release|Any CPU.ActiveCfg = Release|Any CPU
		{A1DD47DA-A0A7-4977-A112-DB0D67588E07}.Release|Any CPU.Build.0 = Release|Any CPU
		{3A50C255-D1C5-4FC7-A958-1840FA6988E6}.Debug|Any CPU.ActiveCfg = Debug|Any CPU
		{3A50C255-D1C5-4FC7-A958-1840FA6988E6}.Debug|Any CPU.Build.0 = Debug|Any CPU
		{3A50C255-D1C5-4FC7-A958-1840FA6988E6}.Release|Any CPU.ActiveCfg = Release|Any CPU
		{3A50C255-D1C5-4FC7-A958-1840FA6988E6}.Release|Any CPU.Build.0 = Release|Any CPU
	EndGlobalSection
	GlobalSection(SolutionProperties) = preSolution
		HideSolutionNode = FALSE
	EndGlobalSection
	GlobalSection(ExtensibilityGlobals) = postSolution
		SolutionGuid = {892BD885-3354-4DED-80A6-54BC144C1546}
	EndGlobalSection
EndGlobal
